
Microsoft Visual Studio Solution File, Format Version 12.00
# Visual Studio Version 17
VisualStudioVersion = 17.0.31919.166
MinimumVisualStudioVersion = 10.0.40219.1
Project("{FAE04EC0-301F-11D3-BF4B-00C04F79EFBC}") = "CodingTest", "CodingTest\CodingTest.csproj", "{3B860066-5C36-4A83-B799-BFAFF13A11BB}"
EndProject
Global
	GlobalSection(SolutionConfigurationPlatforms) = preSolution
		Debug|Any CPU = Debug|Any CPU
		Release|Any CPU = Release|Any CPU
	EndGlobalSection
	GlobalSection(ProjectConfigurationPlatforms) = postSolution
		{3B860066-5C36-4A83-B799-BFAFF13A11BB}.Debug|Any CPU.ActiveCfg = Debug|Any CPU
		{3B860066-5C36-4A83-B799-BFAFF13A11BB}.Debug|Any CPU.Build.0 = Debug|Any CPU
		{3B860066-5C36-4A83-B799-BFAFF13A11BB}.Release|Any CPU.ActiveCfg = Release|Any CPU
		{3B860066-5C36-4A83-B799-BFAFF13A11BB}.Release|Any CPU.Build.0 = Release|Any CPU
	EndGlobalSection
	GlobalSection(SolutionProperties) = preSolution
		HideSolutionNode = FALSE
	EndGlobalSection
	GlobalSection(ExtensibilityGlobals) = postSolution
		SolutionGuid = {5BEEDEFE-BF1E-4166-985C-6C6E3BCD10CC}
	EndGlobalSection
EndGlobal
